
Microsoft Visual Studio Solution File, Format Version 12.00
# Visual Studio Version 17
VisualStudioVersion = 17.5.33516.290
MinimumVisualStudioVersion = 10.0.40219.1
Project("{FAE04EC0-301F-11D3-BF4B-00C04F79EFBC}") = "ProductCategory", "ProductCategory\ProductCategory.csproj", "{56A8A68D-1440-4319-B5B0-8A2E86DE3B3B}"
EndProject
Global
	GlobalSection(SolutionConfigurationPlatforms) = preSolution
		Debug|Any CPU = Debug|Any CPU
		Release|Any CPU = Release|Any CPU
	EndGlobalSection
	GlobalSection(ProjectConfigurationPlatforms) = postSolution
		{56A8A68D-1440-4319-B5B0-8A2E86DE3B3B}.Debug|Any CPU.ActiveCfg = Debug|Any CPU
		{56A8A68D-1440-4319-B5B0-8A2E86DE3B3B}.Debug|Any CPU.Build.0 = Debug|Any CPU
		{56A8A68D-1440-4319-B5B0-8A2E86DE3B3B}.Release|Any CPU.ActiveCfg = Release|Any CPU
		{56A8A68D-1440-4319-B5B0-8A2E86DE3B3B}.Release|Any CPU.Build.0 = Release|Any CPU
	EndGlobalSection
	GlobalSection(SolutionProperties) = preSolution
		HideSolutionNode = FALSE
	EndGlobalSection
	GlobalSection(ExtensibilityGlobals) = postSolution
		SolutionGuid = {4B339BCB-DC97-444A-97E1-C7CD297C69B9}
	EndGlobalSection
EndGlobal
